
Microsoft Visual Studio Solution File, Format Version 12.00
# Visual Studio Version 17
VisualStudioVersion = 17.9.34607.119
MinimumVisualStudioVersion = 10.0.40219.1
Project("{9A19103F-16F7-4668-BE54-9A1E7A4F7556}") = "ClaseObjetos", "ClaseObjetos\ClaseObjetos.csproj", "{CC498F9A-C06B-4111-AF2D-33CC9A7A8286}"
EndProject
Global
	GlobalSection(SolutionConfigurationPlatforms) = preSolution
		Debug|Any CPU = Debug|Any CPU
		Release|Any CPU = Release|Any CPU
	EndGlobalSection
	GlobalSection(ProjectConfigurationPlatforms) = postSolution
		{CC498F9A-C06B-4111-AF2D-33CC9A7A8286}.Debug|Any CPU.ActiveCfg = Debug|Any CPU
		{CC498F9A-C06B-4111-AF2D-33CC9A7A8286}.Debug|Any CPU.Build.0 = Debug|Any CPU
		{CC498F9A-C06B-4111-AF2D-33CC9A7A8286}.Release|Any CPU.ActiveCfg = Release|Any CPU
		{CC498F9A-C06B-4111-AF2D-33CC9A7A8286}.Release|Any CPU.Build.0 = Release|Any CPU
	EndGlobalSection
	GlobalSection(SolutionProperties) = preSolution
		HideSolutionNode = FALSE
	EndGlobalSection
	GlobalSection(ExtensibilityGlobals) = postSolution
		SolutionGuid = {B4CF8067-0196-4EBD-AAF4-47B8B04175BC}
	EndGlobalSection
EndGlobal
